// !$*UTF8*$!
{
	archiveVersion = 1;
	classes = {
	};
	objectVersion = 46;
	objects = {

/* Begin PBXBuildFile section */
		541BB56C1EBA627C00023A5D /* Constants.swift in Sources */ = {isa = PBXBuildFile; fileRef = 541BB56B1EBA627C00023A5D /* Constants.swift */; };
		54AA565C1EBC5A6E0020B4A8 /* Variants.swift in Sources */ = {isa = PBXBuildFile; fileRef = 54AA565B1EBC5A6E0020B4A8 /* Variants.swift */; };
		54B013401EB7954B00ADB739 /* AppDelegate.swift in Sources */ = {isa = PBXBuildFile; fileRef = 54B0133F1EB7954B00ADB739 /* AppDelegate.swift */; };
		54B013421EB7954B00ADB739 /* ViewController.swift in Sources */ = {isa = PBXBuildFile; fileRef = 54B013411EB7954B00ADB739 /* ViewController.swift */; };
		54B013451EB7954B00ADB739 /* Main.storyboard in Resources */ = {isa = PBXBuildFile; fileRef = 54B013431EB7954B00ADB739 /* Main.storyboard */; };
		54B013471EB7954B00ADB739 /* Assets.xcassets in Resources */ = {isa = PBXBuildFile; fileRef = 54B013461EB7954B00ADB739 /* Assets.xcassets */; };
		54B0134A1EB7954B00ADB739 /* LaunchScreen.storyboard in Resources */ = {isa = PBXBuildFile; fileRef = 54B013481EB7954B00ADB739 /* LaunchScreen.storyboard */; };
		54B013551EB7CD7500ADB739 /* LandingData.swift in Sources */ = {isa = PBXBuildFile; fileRef = 54B013541EB7CD7500ADB739 /* LandingData.swift */; };
		54B013571EB7CDC100ADB739 /* LandingDistanceCalculator.swift in Sources */ = {isa = PBXBuildFile; fileRef = 54B013561EB7CDC100ADB739 /* LandingDistanceCalculator.swift */; };
		54B013591EB7F01800ADB739 /* Airport.swift in Sources */ = {isa = PBXBuildFile; fileRef = 54B013581EB7F01800ADB739 /* Airport.swift */; };
		54E753341EBB21E4006A8348 /* GoogleService-Info.plist in Resources */ = {isa = PBXBuildFile; fileRef = 54E753331EBB21E4006A8348 /* GoogleService-Info.plist */; };
		9D8B2E576DAC382FDB5F4630 /* Pods_IFLD_Calculator.framework in Frameworks */ = {isa = PBXBuildFile; fileRef = 6589067471BD486CB6E19585 /* Pods_IFLD_Calculator.framework */; };
/* End PBXBuildFile section */

/* Begin PBXFileReference section */
		541BB56B1EBA627C00023A5D /* Constants.swift */ = {isa = PBXFileReference; fileEncoding = 4; lastKnownFileType = sourcecode.swift; path = Constants.swift; sourceTree = "<group>"; };
		54AA565B1EBC5A6E0020B4A8 /* Variants.swift */ = {isa = PBXFileReference; fileEncoding = 4; lastKnownFileType = sourcecode.swift; path = Variants.swift; sourceTree = "<group>"; };
		54B0133C1EB7954B00ADB739 /* IFLD Calculator.app */ = {isa = PBXFileReference; explicitFileType = wrapper.application; includeInIndex = 0; path = "IFLD Calculator.app"; sourceTree = BUILT_PRODUCTS_DIR; };
		54B0133F1EB7954B00ADB739 /* AppDelegate.swift */ = {isa = PBXFileReference; lastKnownFileType = sourcecode.swift; path = AppDelegate.swift; sourceTree = "<group>"; };
		54B013411EB7954B00ADB739 /* ViewController.swift */ = {isa = PBXFileReference; lastKnownFileType = sourcecode.swift; path = ViewController.swift; sourceTree = "<group>"; };
		54B013441EB7954B00ADB739 /* Base */ = {isa = PBXFileReference; lastKnownFileType = file.storyboard; name = Base; path = Base.lproj/Main.storyboard; sourceTree = "<group>"; };
		54B013461EB7954B00ADB739 /* Assets.xcassets */ = {isa = PBXFileReference; lastKnownFileType = folder.assetcatalog; path = Assets.xcassets; sourceTree = "<group>"; };
		54B013491EB7954B00ADB739 /* Base */ = {isa = PBXFileReference; lastKnownFileType = file.storyboard; name = Base; path = Base.lproj/LaunchScreen.storyboard; sourceTree = "<group>"; };
		54B0134B1EB7954B00ADB739 /* Info.plist */ = {isa = PBXFileReference; lastKnownFileType = text.plist.xml; path = Info.plist; sourceTree = "<group>"; };
		54B013541EB7CD7500ADB739 /* LandingData.swift */ = {isa = PBXFileReference; fileEncoding = 4; lastKnownFileType = sourcecode.swift; path = LandingData.swift; sourceTree = "<group>"; };
		54B013561EB7CDC100ADB739 /* LandingDistanceCalculator.swift */ = {isa = PBXFileReference; fileEncoding = 4; lastKnownFileType = sourcecode.swift; path = LandingDistanceCalculator.swift; sourceTree = "<group>"; };
		54B013581EB7F01800ADB739 /* Airport.swift */ = {isa = PBXFileReference; fileEncoding = 4; lastKnownFileType = sourcecode.swift; path = Airport.swift; sourceTree = "<group>"; };
		54E753331EBB21E4006A8348 /* GoogleService-Info.plist */ = {isa = PBXFileReference; fileEncoding = 4; lastKnownFileType = text.plist.xml; path = "GoogleService-Info.plist"; sourceTree = "<group>"; };
		6589067471BD486CB6E19585 /* Pods_IFLD_Calculator.framework */ = {isa = PBXFileReference; explicitFileType = wrapper.framework; includeInIndex = 0; path = Pods_IFLD_Calculator.framework; sourceTree = BUILT_PRODUCTS_DIR; };
		6988B91C43F0469B263F97F5 /* Pods-IFLD Calculator.release.xcconfig */ = {isa = PBXFileReference; includeInIndex = 1; lastKnownFileType = text.xcconfig; name = "Pods-IFLD Calculator.release.xcconfig"; path = "Pods/Target Support Files/Pods-IFLD Calculator/Pods-IFLD Calculator.release.xcconfig"; sourceTree = "<group>"; };
		FDFFD5B73C22299B9298A156 /* Pods-IFLD Calculator.debug.xcconfig */ = {isa = PBXFileReference; includeInIndex = 1; lastKnownFileType = text.xcconfig; name = "Pods-IFLD Calculator.debug.xcconfig"; path = "Pods/Target Support Files/Pods-IFLD Calculator/Pods-IFLD Calculator.debug.xcconfig"; sourceTree = "<group>"; };
/* End PBXFileReference section */

/* Begin PBXFrameworksBuildPhase section */
		54B013391EB7954B00ADB739 /* Frameworks */ = {
			isa = PBXFrameworksBuildPhase;
			buildActionMask = 2147483647;
			files = (
				9D8B2E576DAC382FDB5F4630 /* Pods_IFLD_Calculator.framework in Frameworks */,
			);
			runOnlyForDeploymentPostprocessing = 0;
		};
/* End PBXFrameworksBuildPhase section */

/* Begin PBXGroup section */
		31305150F4D55C7F78CEFCCC /* Pods */ = {
			isa = PBXGroup;
			children = (
				FDFFD5B73C22299B9298A156 /* Pods-IFLD Calculator.debug.xcconfig */,
				6988B91C43F0469B263F97F5 /* Pods-IFLD Calculator.release.xcconfig */,
			);
			name = Pods;
			sourceTree = "<group>";
		};
		54B013331EB7954A00ADB739 = {
			isa = PBXGroup;
			children = (
				54B0133E1EB7954B00ADB739 /* IFLD Calculator */,
				54B0133D1EB7954B00ADB739 /* Products */,
				31305150F4D55C7F78CEFCCC /* Pods */,
				AC27BBAC190E7DD4520E0F9C /* Frameworks */,
			);
			sourceTree = "<group>";
		};
		54B0133D1EB7954B00ADB739 /* Products */ = {
			isa = PBXGroup;
			children = (
				54B0133C1EB7954B00ADB739 /* IFLD Calculator.app */,
			);
			name = Products;
			sourceTree = "<group>";
		};
		54B0133E1EB7954B00ADB739 /* IFLD Calculator */ = {
			isa = PBXGroup;
			children = (
				54B013531EB7CD3100ADB739 /* Model */,
				54B013521EB7CD2D00ADB739 /* View */,
				54B013511EB7CD2300ADB739 /* Controller */,
				54B0133F1EB7954B00ADB739 /* AppDelegate.swift */,
				54B013431EB7954B00ADB739 /* Main.storyboard */,
				54B013461EB7954B00ADB739 /* Assets.xcassets */,
				54B013481EB7954B00ADB739 /* LaunchScreen.storyboard */,
				54B0134B1EB7954B00ADB739 /* Info.plist */,
				54E753331EBB21E4006A8348 /* GoogleService-Info.plist */,
				541BB56B1EBA627C00023A5D /* Constants.swift */,
			);
			path = "IFLD Calculator";
			sourceTree = "<group>";
		};
		54B013511EB7CD2300ADB739 /* Controller */ = {
			isa = PBXGroup;
			children = (
				54B013411EB7954B00ADB739 /* ViewController.swift */,
			);
			name = Controller;
			sourceTree = "<group>";
		};
		54B013521EB7CD2D00ADB739 /* View */ = {
			isa = PBXGroup;
			children = (
			);
			name = View;
			sourceTree = "<group>";
		};
		54B013531EB7CD3100ADB739 /* Model */ = {
			isa = PBXGroup;
			children = (
				54B013541EB7CD7500ADB739 /* LandingData.swift */,
				54B013561EB7CDC100ADB739 /* LandingDistanceCalculator.swift */,
				54B013581EB7F01800ADB739 /* Airport.swift */,
				54AA565B1EBC5A6E0020B4A8 /* Variants.swift */,
			);
			name = Model;
			sourceTree = "<group>";
		};
		AC27BBAC190E7DD4520E0F9C /* Frameworks */ = {
			isa = PBXGroup;
			children = (
				6589067471BD486CB6E19585 /* Pods_IFLD_Calculator.framework */,
			);
			name = Frameworks;
			sourceTree = "<group>";
		};
/* End PBXGroup section */

/* Begin PBXNativeTarget section */
		54B0133B1EB7954B00ADB739 /* IFLD Calculator */ = {
			isa = PBXNativeTarget;
			buildConfigurationList = 54B0134E1EB7954B00ADB739 /* Build configuration list for PBXNativeTarget "IFLD Calculator" */;
			buildPhases = (
				0F05DF53D12A0A3484221B64 /* [CP] Check Pods Manifest.lock */,
				54B013381EB7954B00ADB739 /* Sources */,
				54B013391EB7954B00ADB739 /* Frameworks */,
				54B0133A1EB7954B00ADB739 /* Resources */,
				426BB3962CFB183635B049E5 /* [CP] Embed Pods Frameworks */,
				535BC0F0CAB35F0AD8DDA566 /* [CP] Copy Pods Resources */,
			);
			buildRules = (
			);
			dependencies = (
			);
			name = "IFLD Calculator";
			productName = "IFLD Calculator";
			productReference = 54B0133C1EB7954B00ADB739 /* IFLD Calculator.app */;
			productType = "com.apple.product-type.application";
		};
/* End PBXNativeTarget section */

/* Begin PBXProject section */
		54B013341EB7954A00ADB739 /* Project object */ = {
			isa = PBXProject;
			attributes = {
				LastSwiftUpdateCheck = 0820;
				LastUpgradeCheck = 0820;
				ORGANIZATIONNAME = "Adam Zemmoura";
				TargetAttributes = {
					54B0133B1EB7954B00ADB739 = {
						CreatedOnToolsVersion = 8.2.1;
						DevelopmentTeam = CTK6TLNQSV;
						ProvisioningStyle = Automatic;
					};
				};
			};
			buildConfigurationList = 54B013371EB7954A00ADB739 /* Build configuration list for PBXProject "IFLD Calculator" */;
			compatibilityVersion = "Xcode 3.2";
			developmentRegion = English;
			hasScannedForEncodings = 0;
			knownRegions = (
				en,
				Base,
			);
			mainGroup = 54B013331EB7954A00ADB739;
			productRefGroup = 54B0133D1EB7954B00ADB739 /* Products */;
			projectDirPath = "";
			projectRoot = "";
			targets = (
				54B0133B1EB7954B00ADB739 /* IFLD Calculator */,
			);
		};
/* End PBXProject section */

/* Begin PBXResourcesBuildPhase section */
		54B0133A1EB7954B00ADB739 /* Resources */ = {
			isa = PBXResourcesBuildPhase;
			buildActionMask = 2147483647;
			files = (
				54B0134A1EB7954B00ADB739 /* LaunchScreen.storyboard in Resources */,
				54B013471EB7954B00ADB739 /* Assets.xcassets in Resources */,
				54B013451EB7954B00ADB739 /* Main.storyboard in Resources */,
				54E753341EBB21E4006A8348 /* GoogleService-Info.plist in Resources */,
			);
			runOnlyForDeploymentPostprocessing = 0;
		};
/* End PBXResourcesBuildPhase section */

/* Begin PBXShellScriptBuildPhase section */
		0F05DF53D12A0A3484221B64 /* [CP] Check Pods Manifest.lock */ = {
			isa = PBXShellScriptBuildPhase;
			buildActionMask = 2147483647;
			files = (
			);
			inputPaths = (
			);
			name = "[CP] Check Pods Manifest.lock";
			outputPaths = (
			);
			runOnlyForDeploymentPostprocessing = 0;
			shellPath = /bin/sh;
			shellScript = "diff \"${PODS_ROOT}/../Podfile.lock\" \"${PODS_ROOT}/Manifest.lock\" > /dev/null\nif [ $? != 0 ] ; then\n    # print error to STDERR\n    echo \"error: The sandbox is not in sync with the Podfile.lock. Run 'pod install' or update your CocoaPods installation.\" >&2\n    exit 1\nfi\n";
			showEnvVarsInLog = 0;
		};
		426BB3962CFB183635B049E5 /* [CP] Embed Pods Frameworks */ = {
			isa = PBXShellScriptBuildPhase;
			buildActionMask = 2147483647;
			files = (
			);
			inputPaths = (
			);
			name = "[CP] Embed Pods Frameworks";
			outputPaths = (
			);
			runOnlyForDeploymentPostprocessing = 0;
			shellPath = /bin/sh;
			shellScript = "\"${SRCROOT}/Pods/Target Support Files/Pods-IFLD Calculator/Pods-IFLD Calculator-frameworks.sh\"\n";
			showEnvVarsInLog = 0;
		};
		535BC0F0CAB35F0AD8DDA566 /* [CP] Copy Pods Resources */ = {
			isa = PBXShellScriptBuildPhase;
			buildActionMask = 2147483647;
			files = (
			);
			inputPaths = (
			);
			name = "[CP] Copy Pods Resources";
			outputPaths = (
			);
			runOnlyForDeploymentPostprocessing = 0;
			shellPath = /bin/sh;
			shellScript = "\"${SRCROOT}/Pods/Target Support Files/Pods-IFLD Calculator/Pods-IFLD Calculator-resources.sh\"\n";
			showEnvVarsInLog = 0;
		};
/* End PBXShellScriptBuildPhase section */

/* Begin PBXSourcesBuildPhase section */
		54B013381EB7954B00ADB739 /* Sources */ = {
			isa = PBXSourcesBuildPhase;
			buildActionMask = 2147483647;
			files = (
				54B013571EB7CDC100ADB739 /* LandingDistanceCalculator.swift in Sources */,
				54AA565C1EBC5A6E0020B4A8 /* Variants.swift in Sources */,
				54B013551EB7CD7500ADB739 /* LandingData.swift in Sources */,
				54B013591EB7F01800ADB739 /* Airport.swift in Sources */,
				54B013421EB7954B00ADB739 /* ViewController.swift in Sources */,
				54B013401EB7954B00ADB739 /* AppDelegate.swift in Sources */,
				541BB56C1EBA627C00023A5D /* Constants.swift in Sources */,
			);
			runOnlyForDeploymentPostprocessing = 0;
		};
/* End PBXSourcesBuildPhase section */

/* Begin PBXVariantGroup section */
		54B013431EB7954B00ADB739 /* Main.storyboard */ = {
			isa = PBXVariantGroup;
			children = (
				54B013441EB7954B00ADB739 /* Base */,
			);
			name = Main.storyboard;
			sourceTree = "<group>";
		};
		54B013481EB7954B00ADB739 /* LaunchScreen.storyboard */ = {
			isa = PBXVariantGroup;
			children = (
				54B013491EB7954B00ADB739 /* Base */,
			);
			name = LaunchScreen.storyboard;
			sourceTree = "<group>";
		};
/* End PBXVariantGroup section */

/* Begin XCBuildConfiguration section */
		54B0134C1EB7954B00ADB739 /* Debug */ = {
			isa = XCBuildConfiguration;
			buildSettings = {
				ALWAYS_SEARCH_USER_PATHS = NO;
				CLANG_ANALYZER_NONNULL = YES;
				CLANG_CXX_LANGUAGE_STANDARD = "gnu++0x";
				CLANG_CXX_LIBRARY = "libc++";
				CLANG_ENABLE_MODULES = YES;
				CLANG_ENABLE_OBJC_ARC = YES;
				CLANG_WARN_BOOL_CONVERSION = YES;
				CLANG_WARN_CONSTANT_CONVERSION = YES;
				CLANG_WARN_DIRECT_OBJC_ISA_USAGE = YES_ERROR;
				CLANG_WARN_DOCUMENTATION_COMMENTS = YES;
				CLANG_WARN_EMPTY_BODY = YES;
				CLANG_WARN_ENUM_CONVERSION = YES;
				CLANG_WARN_INFINITE_RECURSION = YES;
				CLANG_WARN_INT_CONVERSION = YES;
				CLANG_WARN_OBJC_ROOT_CLASS = YES_ERROR;
				CLANG_WARN_SUSPICIOUS_MOVE = YES;
				CLANG_WARN_UNREACHABLE_CODE = YES;
				CLANG_WARN__DUPLICATE_METHOD_MATCH = YES;
				"CODE_SIGN_IDENTITY[sdk=iphoneos*]" = "iPhone Developer";
				COPY_PHASE_STRIP = NO;
				DEBUG_INFORMATION_FORMAT = dwarf;
				ENABLE_STRICT_OBJC_MSGSEND = YES;
				ENABLE_TESTABILITY = YES;
				GCC_C_LANGUAGE_STANDARD = gnu99;
				GCC_DYNAMIC_NO_PIC = NO;
				GCC_NO_COMMON_BLOCKS = YES;
				GCC_OPTIMIZATION_LEVEL = 0;
				GCC_PREPROCESSOR_DEFINITIONS = (
					"DEBUG=1",
					"$(inherited)",
				);
				GCC_WARN_64_TO_32_BIT_CONVERSION = YES;
				GCC_WARN_ABOUT_RETURN_TYPE = YES_ERROR;
				GCC_WARN_UNDECLARED_SELECTOR = YES;
				GCC_WARN_UNINITIALIZED_AUTOS = YES_AGGRESSIVE;
				GCC_WARN_UNUSED_FUNCTION = YES;
				GCC_WARN_UNUSED_VARIABLE = YES;
				IPHONEOS_DEPLOYMENT_TARGET = 10.2;
				MTL_ENABLE_DEBUG_INFO = YES;
				ONLY_ACTIVE_ARCH = YES;
				SDKROOT = iphoneos;
				SWIFT_ACTIVE_COMPILATION_CONDITIONS = DEBUG;
				SWIFT_OPTIMIZATION_LEVEL = "-Onone";
				TARGETED_DEVICE_FAMILY = 2;
			};
			name = Debug;
		};
		54B0134D1EB7954B00ADB739 /* Release */ = {
			isa = XCBuildConfiguration;
			buildSettings = {
				ALWAYS_SEARCH_USER_PATHS = NO;
				CLANG_ANALYZER_NONNULL = YES;
				CLANG_CXX_LANGUAGE_STANDARD = "gnu++0x";
				CLANG_CXX_LIBRARY = "libc++";
				CLANG_ENABLE_MODULES = YES;
				CLANG_ENABLE_OBJC_ARC = YES;
				CLANG_WARN_BOOL_CONVERSION = YES;
				CLANG_WARN_CONSTANT_CONVERSION = YES;
				CLANG_WARN_DIRECT_OBJC_ISA_USAGE = YES_ERROR;
				CLANG_WARN_DOCUMENTATION_COMMENTS = YES;
				CLANG_WARN_EMPTY_BODY = YES;
				CLANG_WARN_ENUM_CONVERSION = YES;
				CLANG_WARN_INFINITE_RECURSION = YES;
				CLANG_WARN_INT_CONVERSION = YES;
				CLANG_WARN_OBJC_ROOT_CLASS = YES_ERROR;
				CLANG_WARN_SUSPICIOUS_MOVE = YES;
				CLANG_WARN_UNREACHABLE_CODE = YES;
				CLANG_WARN__DUPLICATE_METHOD_MATCH = YES;
				"CODE_SIGN_IDENTITY[sdk=iphoneos*]" = "iPhone Developer";
				COPY_PHASE_STRIP = NO;
				DEBUG_INFORMATION_FORMAT = "dwarf-with-dsym";
				ENABLE_NS_ASSERTIONS = NO;
				ENABLE_STRICT_OBJC_MSGSEND = YES;
				GCC_C_LANGUAGE_STANDARD = gnu99;
				GCC_NO_COMMON_BLOCKS = YES;
				GCC_WARN_64_TO_32_BIT_CONVERSION = YES;
				GCC_WARN_ABOUT_RETURN_TYPE = YES_ERROR;
				GCC_WARN_UNDECLARED_SELECTOR = YES;
				GCC_WARN_UNINITIALIZED_AUTOS = YES_AGGRESSIVE;
				GCC_WARN_UNUSED_FUNCTION = YES;
				GCC_WARN_UNUSED_VARIABLE = YES;
				IPHONEOS_DEPLOYMENT_TARGET = 10.2;
				MTL_ENABLE_DEBUG_INFO = NO;
				SDKROOT = iphoneos;
				SWIFT_OPTIMIZATION_LEVEL = "-Owholemodule";
				TARGETED_DEVICE_FAMILY = 2;
				VALIDATE_PRODUCT = YES;
			};
			name = Release;
		};
		54B0134F1EB7954B00ADB739 /* Debug */ = {
			isa = XCBuildConfiguration;
			baseConfigurationReference = FDFFD5B73C22299B9298A156 /* Pods-IFLD Calculator.debug.xcconfig */;
			buildSettings = {
				ASSETCATALOG_COMPILER_APPICON_NAME = AppIcon;
				DEVELOPMENT_TEAM = CTK6TLNQSV;
				INFOPLIST_FILE = "IFLD Calculator/Info.plist";
				IPHONEOS_DEPLOYMENT_TARGET = 10.0;
				LD_RUNPATH_SEARCH_PATHS = "$(inherited) @executable_path/Frameworks";
				PRODUCT_BUNDLE_IDENTIFIER = "com.adamzemmoura.IFLD-Calculator";
				PRODUCT_NAME = "$(TARGET_NAME)";
				SWIFT_VERSION = 3.0;
			};
			name = Debug;
		};
		54B013501EB7954B00ADB739 /* Release */ = {
			isa = XCBuildConfiguration;
			baseConfigurationReference = 6988B91C43F0469B263F97F5 /* Pods-IFLD Calculator.release.xcconfig */;
			buildSettings = {
				ASSETCATALOG_COMPILER_APPICON_NAME = AppIcon;
				DEVELOPMENT_TEAM = CTK6TLNQSV;
				INFOPLIST_FILE = "IFLD Calculator/Info.plist";
				IPHONEOS_DEPLOYMENT_TARGET = 10.0;
				LD_RUNPATH_SEARCH_PATHS = "$(inherited) @executable_path/Frameworks";
				PRODUCT_BUNDLE_IDENTIFIER = "com.adamzemmoura.IFLD-Calculator";
				PRODUCT_NAME = "$(TARGET_NAME)";
				SWIFT_VERSION = 3.0;
			};
			name = Release;
		};
/* End XCBuildConfiguration section */

/* Begin XCConfigurationList section */
		54B013371EB7954A00ADB739 /* Build configuration list for PBXProject "IFLD Calculator" */ = {
			isa = XCConfigurationList;
			buildConfigurations = (
				54B0134C1EB7954B00ADB739 /* Debug */,
				54B0134D1EB7954B00ADB739 /* Release */,
			);
			defaultConfigurationIsVisible = 0;
			defaultConfigurationName = Release;
		};
		54B0134E1EB7954B00ADB739 /* Build configuration list for PBXNativeTarget "IFLD Calculator" */ = {
			isa = XCConfigurationList;
			buildConfigurations = (
				54B0134F1EB7954B00ADB739 /* Debug */,
				54B013501EB7954B00ADB739 /* Release */,
			);
			defaultConfigurationIsVisible = 0;
			defaultConfigurationName = Release;
		};
/* End XCConfigurationList section */
	};
	rootObject = 54B013341EB7954A00ADB739 /* Project object */;
}
